// !$*UTF8*$!
{
	archiveVersion = 1;
	classes = {
	};
	objectVersion = 50;
	objects = {

/* Begin PBXBuildFile section */
		45353C8E2393E14000306D3F /* AppDelegate.swift in Sources */ = {isa = PBXBuildFile; fileRef = 45353C8D2393E14000306D3F /* AppDelegate.swift */; };
		45353C902393E14000306D3F /* SceneDelegate.swift in Sources */ = {isa = PBXBuildFile; fileRef = 45353C8F2393E14000306D3F /* SceneDelegate.swift */; };
		45353C922393E14000306D3F /* ViewController.swift in Sources */ = {isa = PBXBuildFile; fileRef = 45353C912393E14000306D3F /* ViewController.swift */; };
		45353C952393E14000306D3F /* Main.storyboard in Resources */ = {isa = PBXBuildFile; fileRef = 45353C932393E14000306D3F /* Main.storyboard */; };
		45353C972393E14100306D3F /* Assets.xcassets in Resources */ = {isa = PBXBuildFile; fileRef = 45353C962393E14100306D3F /* Assets.xcassets */; };
		45353C9A2393E14100306D3F /* LaunchScreen.storyboard in Resources */ = {isa = PBXBuildFile; fileRef = 45353C982393E14100306D3F /* LaunchScreen.storyboard */; };
		45353CA42393EB5F00306D3F /* Date+Sugar.swift in Sources */ = {isa = PBXBuildFile; fileRef = 45353CA32393EB5F00306D3F /* Date+Sugar.swift */; };
		45353CA62393EBAD00306D3F /* String+Sugar.swift in Sources */ = {isa = PBXBuildFile; fileRef = 45353CA52393EBAD00306D3F /* String+Sugar.swift */; };
/* End PBXBuildFile section */

/* Begin PBXFileReference section */
		45353C8A2393E14000306D3F /* OTPVerify.app */ = {isa = PBXFileReference; explicitFileType = wrapper.application; includeInIndex = 0; path = OTPVerify.app; sourceTree = BUILT_PRODUCTS_DIR; };
		45353C8D2393E14000306D3F /* AppDelegate.swift */ = {isa = PBXFileReference; lastKnownFileType = sourcecode.swift; path = AppDelegate.swift; sourceTree = "<group>"; };
		45353C8F2393E14000306D3F /* SceneDelegate.swift */ = {isa = PBXFileReference; lastKnownFileType = sourcecode.swift; path = SceneDelegate.swift; sourceTree = "<group>"; };
		45353C912393E14000306D3F /* ViewController.swift */ = {isa = PBXFileReference; lastKnownFileType = sourcecode.swift; path = ViewController.swift; sourceTree = "<group>"; };
		45353C942393E14000306D3F /* Base */ = {isa = PBXFileReference; lastKnownFileType = file.storyboard; name = Base; path = Base.lproj/Main.storyboard; sourceTree = "<group>"; };
		45353C962393E14100306D3F /* Assets.xcassets */ = {isa = PBXFileReference; lastKnownFileType = folder.assetcatalog; path = Assets.xcassets; sourceTree = "<group>"; };
		45353C992393E14100306D3F /* Base */ = {isa = PBXFileReference; lastKnownFileType = file.storyboard; name = Base; path = Base.lproj/LaunchScreen.storyboard; sourceTree = "<group>"; };
		45353C9B2393E14100306D3F /* Info.plist */ = {isa = PBXFileReference; lastKnownFileType = text.plist.xml; path = Info.plist; sourceTree = "<group>"; };
		45353CA32393EB5F00306D3F /* Date+Sugar.swift */ = {isa = PBXFileReference; lastKnownFileType = sourcecode.swift; path = "Date+Sugar.swift"; sourceTree = "<group>"; };
		45353CA52393EBAD00306D3F /* String+Sugar.swift */ = {isa = PBXFileReference; lastKnownFileType = sourcecode.swift; path = "String+Sugar.swift"; sourceTree = "<group>"; };
/* End PBXFileReference section */

/* Begin PBXFrameworksBuildPhase section */
		45353C872393E14000306D3F /* Frameworks */ = {
			isa = PBXFrameworksBuildPhase;
			buildActionMask = 2147483647;
			files = (
			);
			runOnlyForDeploymentPostprocessing = 0;
		};
/* End PBXFrameworksBuildPhase section */

/* Begin PBXGroup section */
		45353C812393E14000306D3F = {
			isa = PBXGroup;
			children = (
				45353C8C2393E14000306D3F /* OTPVerify */,
				45353C8B2393E14000306D3F /* Products */,
			);
			sourceTree = "<group>";
		};
		45353C8B2393E14000306D3F /* Products */ = {
			isa = PBXGroup;
			children = (
				45353C8A2393E14000306D3F /* OTPVerify.app */,
			);
			name = Products;
			sourceTree = "<group>";
		};
		45353C8C2393E14000306D3F /* OTPVerify */ = {
			isa = PBXGroup;
			children = (
				45353C8D2393E14000306D3F /* AppDelegate.swift */,
				45353C8F2393E14000306D3F /* SceneDelegate.swift */,
				45353C912393E14000306D3F /* ViewController.swift */,
				45353CA32393EB5F00306D3F /* Date+Sugar.swift */,
				45353CA52393EBAD00306D3F /* String+Sugar.swift */,
				45353C932393E14000306D3F /* Main.storyboard */,
				45353C962393E14100306D3F /* Assets.xcassets */,
				45353C982393E14100306D3F /* LaunchScreen.storyboard */,
				45353C9B2393E14100306D3F /* Info.plist */,
			);
			path = OTPVerify;
			sourceTree = "<group>";
		};
/* End PBXGroup section */

/* Begin PBXNativeTarget section */
		45353C892393E14000306D3F /* OTPVerify */ = {
			isa = PBXNativeTarget;
			buildConfigurationList = 45353C9E2393E14100306D3F /* Build configuration list for PBXNativeTarget "OTPVerify" */;
			buildPhases = (
				45353C862393E14000306D3F /* Sources */,
				45353C872393E14000306D3F /* Frameworks */,
				45353C882393E14000306D3F /* Resources */,
			);
			buildRules = (
			);
			dependencies = (
			);
			name = OTPVerify;
			productName = OTPVerify;
			productReference = 45353C8A2393E14000306D3F /* OTPVerify.app */;
			productType = "com.apple.product-type.application";
		};
/* End PBXNativeTarget section */

/* Begin PBXProject section */
		45353C822393E14000306D3F /* Project object */ = {
			isa = PBXProject;
			attributes = {
				LastSwiftUpdateCheck = 1120;
				LastUpgradeCheck = 1120;
				ORGANIZATIONNAME = ngunngun;
				TargetAttributes = {
					45353C892393E14000306D3F = {
						CreatedOnToolsVersion = 11.2.1;
					};
				};
			};
			buildConfigurationList = 45353C852393E14000306D3F /* Build configuration list for PBXProject "OTPVerify" */;
			compatibilityVersion = "Xcode 9.3";
			developmentRegion = en;
			hasScannedForEncodings = 0;
			knownRegions = (
				en,
				Base,
			);
			mainGroup = 45353C812393E14000306D3F;
			productRefGroup = 45353C8B2393E14000306D3F /* Products */;
			projectDirPath = "";
			projectRoot = "";
			targets = (
				45353C892393E14000306D3F /* OTPVerify */,
			);
		};
/* End PBXProject section */

/* Begin PBXResourcesBuildPhase section */
		45353C882393E14000306D3F /* Resources */ = {
			isa = PBXResourcesBuildPhase;
			buildActionMask = 2147483647;
			files = (
				45353C9A2393E14100306D3F /* LaunchScreen.storyboard in Resources */,
				45353C972393E14100306D3F /* Assets.xcassets in Resources */,
				45353C952393E14000306D3F /* Main.storyboard in Resources */,
			);
			runOnlyForDeploymentPostprocessing = 0;
		};
/* End PBXResourcesBuildPhase section */

/* Begin PBXSourcesBuildPhase section */
		45353C862393E14000306D3F /* Sources */ = {
			isa = PBXSourcesBuildPhase;
			buildActionMask = 2147483647;
			files = (
				45353CA62393EBAD00306D3F /* String+Sugar.swift in Sources */,
				45353C922393E14000306D3F /* ViewController.swift in Sources */,
				45353C8E2393E14000306D3F /* AppDelegate.swift in Sources */,
				45353CA42393EB5F00306D3F /* Date+Sugar.swift in Sources */,
				45353C902393E14000306D3F /* SceneDelegate.swift in Sources */,
			);
			runOnlyForDeploymentPostprocessing = 0;
		};
/* End PBXSourcesBuildPhase section */

/* Begin PBXVariantGroup section */
		45353C932393E14000306D3F /* Main.storyboard */ = {
			isa = PBXVariantGroup;
			children = (
				45353C942393E14000306D3F /* Base */,
			);
			name = Main.storyboard;
			sourceTree = "<group>";
		};
		45353C982393E14100306D3F /* LaunchScreen.storyboard */ = {
			isa = PBXVariantGroup;
			children = (
				45353C992393E14100306D3F /* Base */,
			);
			name = LaunchScreen.storyboard;
			sourceTree = "<group>";
		};
/* End PBXVariantGroup section */

/* Begin XCBuildConfiguration section */
		45353C9C2393E14100306D3F /* Debug */ = {
			isa = XCBuildConfiguration;
			buildSettings = {
				ALWAYS_SEARCH_USER_PATHS = NO;
				CLANG_ANALYZER_NONNULL = YES;
				CLANG_ANALYZER_NUMBER_OBJECT_CONVERSION = YES_AGGRESSIVE;
				CLANG_CXX_LANGUAGE_STANDARD = "gnu++14";
				CLANG_CXX_LIBRARY = "libc++";
				CLANG_ENABLE_MODULES = YES;
				CLANG_ENABLE_OBJC_ARC = YES;
				CLANG_ENABLE_OBJC_WEAK = YES;
				CLANG_WARN_BLOCK_CAPTURE_AUTORELEASING = YES;
				CLANG_WARN_BOOL_CONVERSION = YES;
				CLANG_WARN_COMMA = YES;
				CLANG_WARN_CONSTANT_CONVERSION = YES;
				CLANG_WARN_DEPRECATED_OBJC_IMPLEMENTATIONS = YES;
				CLANG_WARN_DIRECT_OBJC_ISA_USAGE = YES_ERROR;
				CLANG_WARN_DOCUMENTATION_COMMENTS = YES;
				CLANG_WARN_EMPTY_BODY = YES;
				CLANG_WARN_ENUM_CONVERSION = YES;
				CLANG_WARN_INFINITE_RECURSION = YES;
				CLANG_WARN_INT_CONVERSION = YES;
				CLANG_WARN_NON_LITERAL_NULL_CONVERSION = YES;
				CLANG_WARN_OBJC_IMPLICIT_RETAIN_SELF = YES;
				CLANG_WARN_OBJC_LITERAL_CONVERSION = YES;
				CLANG_WARN_OBJC_ROOT_CLASS = YES_ERROR;
				CLANG_WARN_RANGE_LOOP_ANALYSIS = YES;
				CLANG_WARN_STRICT_PROTOTYPES = YES;
				CLANG_WARN_SUSPICIOUS_MOVE = YES;
				CLANG_WARN_UNGUARDED_AVAILABILITY = YES_AGGRESSIVE;
				CLANG_WARN_UNREACHABLE_CODE = YES;
				CLANG_WARN__DUPLICATE_METHOD_MATCH = YES;
				COPY_PHASE_STRIP = NO;
				DEBUG_INFORMATION_FORMAT = dwarf;
				ENABLE_STRICT_OBJC_MSGSEND = YES;
				ENABLE_TESTABILITY = YES;
				GCC_C_LANGUAGE_STANDARD = gnu11;
				GCC_DYNAMIC_NO_PIC = NO;
				GCC_NO_COMMON_BLOCKS = YES;
				GCC_OPTIMIZATION_LEVEL = 0;
				GCC_PREPROCESSOR_DEFINITIONS = (
					"DEBUG=1",
					"$(inherited)",
				);
				GCC_WARN_64_TO_32_BIT_CONVERSION = YES;
				GCC_WARN_ABOUT_RETURN_TYPE = YES_ERROR;
				GCC_WARN_UNDECLARED_SELECTOR = YES;
				GCC_WARN_UNINITIALIZED_AUTOS = YES_AGGRESSIVE;
				GCC_WARN_UNUSED_FUNCTION = YES;
				GCC_WARN_UNUSED_VARIABLE = YES;
				IPHONEOS_DEPLOYMENT_TARGET = 13.2;
				MTL_ENABLE_DEBUG_INFO = INCLUDE_SOURCE;
				MTL_FAST_MATH = YES;
				ONLY_ACTIVE_ARCH = YES;
				SDKROOT = iphoneos;
				SWIFT_ACTIVE_COMPILATION_CONDITIONS = DEBUG;
				SWIFT_OPTIMIZATION_LEVEL = "-Onone";
			};
			name = Debug;
		};
		45353C9D2393E14100306D3F /* Release */ = {
			isa = XCBuildConfiguration;
			buildSettings = {
				ALWAYS_SEARCH_USER_PATHS = NO;
				CLANG_ANALYZER_NONNULL = YES;
				CLANG_ANALYZER_NUMBER_OBJECT_CONVERSION = YES_AGGRESSIVE;
				CLANG_CXX_LANGUAGE_STANDARD = "gnu++14";
				CLANG_CXX_LIBRARY = "libc++";
				CLANG_ENABLE_MODULES = YES;
				CLANG_ENABLE_OBJC_ARC = YES;
				CLANG_ENABLE_OBJC_WEAK = YES;
				CLANG_WARN_BLOCK_CAPTURE_AUTORELEASING = YES;
				CLANG_WARN_BOOL_CONVERSION = YES;
				CLANG_WARN_COMMA = YES;
				CLANG_WARN_CONSTANT_CONVERSION = YES;
				CLANG_WARN_DEPRECATED_OBJC_IMPLEMENTATIONS = YES;
				CLANG_WARN_DIRECT_OBJC_ISA_USAGE = YES_ERROR;
				CLANG_WARN_DOCUMENTATION_COMMENTS = YES;
				CLANG_WARN_EMPTY_BODY = YES;
				CLANG_WARN_ENUM_CONVERSION = YES;
				CLANG_WARN_INFINITE_RECURSION = YES;
				CLANG_WARN_INT_CONVERSION = YES;
				CLANG_WARN_NON_LITERAL_NULL_CONVERSION = YES;
				CLANG_WARN_OBJC_IMPLICIT_RETAIN_SELF = YES;
				CLANG_WARN_OBJC_LITERAL_CONVERSION = YES;
				CLANG_WARN_OBJC_ROOT_CLASS = YES_ERROR;
				CLANG_WARN_RANGE_LOOP_ANALYSIS = YES;
				CLANG_WARN_STRICT_PROTOTYPES = YES;
				CLANG_WARN_SUSPICIOUS_MOVE = YES;
				CLANG_WARN_UNGUARDED_AVAILABILITY = YES_AGGRESSIVE;
				CLANG_WARN_UNREACHABLE_CODE = YES;
				CLANG_WARN__DUPLICATE_METHOD_MATCH = YES;
				COPY_PHASE_STRIP = NO;
				DEBUG_INFORMATION_FORMAT = "dwarf-with-dsym";
				ENABLE_NS_ASSERTIONS = NO;
				ENABLE_STRICT_OBJC_MSGSEND = YES;
				GCC_C_LANGUAGE_STANDARD = gnu11;
				GCC_NO_COMMON_BLOCKS = YES;
				GCC_WARN_64_TO_32_BIT_CONVERSION = YES;
				GCC_WARN_ABOUT_RETURN_TYPE = YES_ERROR;
				GCC_WARN_UNDECLARED_SELECTOR = YES;
				GCC_WARN_UNINITIALIZED_AUTOS = YES_AGGRESSIVE;
				GCC_WARN_UNUSED_FUNCTION = YES;
				GCC_WARN_UNUSED_VARIABLE = YES;
				IPHONEOS_DEPLOYMENT_TARGET = 13.2;
				MTL_ENABLE_DEBUG_INFO = NO;
				MTL_FAST_MATH = YES;
				SDKROOT = iphoneos;
				SWIFT_COMPILATION_MODE = wholemodule;
				SWIFT_OPTIMIZATION_LEVEL = "-O";
				VALIDATE_PRODUCT = YES;
			};
			name = Release;
		};
		45353C9F2393E14100306D3F /* Debug */ = {
			isa = XCBuildConfiguration;
			buildSettings = {
				ASSETCATALOG_COMPILER_APPICON_NAME = AppIcon;
				CODE_SIGN_STYLE = Automatic;
				INFOPLIST_FILE = OTPVerify/Info.plist;
				LD_RUNPATH_SEARCH_PATHS = (
					"$(inherited)",
					"@executable_path/Frameworks",
				);
				PRODUCT_BUNDLE_IDENTIFIER = ngunngun.OTPVerify;
				PRODUCT_NAME = "$(TARGET_NAME)";
				SWIFT_VERSION = 5.0;
				TARGETED_DEVICE_FAMILY = "1,2";
			};
			name = Debug;
		};
		45353CA02393E14100306D3F /* Release */ = {
			isa = XCBuildConfiguration;
			buildSettings = {
				ASSETCATALOG_COMPILER_APPICON_NAME = AppIcon;
				CODE_SIGN_STYLE = Automatic;
				INFOPLIST_FILE = OTPVerify/Info.plist;
				LD_RUNPATH_SEARCH_PATHS = (
					"$(inherited)",
					"@executable_path/Frameworks",
				);
				PRODUCT_BUNDLE_IDENTIFIER = ngunngun.OTPVerify;
				PRODUCT_NAME = "$(TARGET_NAME)";
				SWIFT_VERSION = 5.0;
				TARGETED_DEVICE_FAMILY = "1,2";
			};
			name = Release;
		};
/* End XCBuildConfiguration section */

/* Begin XCConfigurationList section */
		45353C852393E14000306D3F /* Build configuration list for PBXProject "OTPVerify" */ = {
			isa = XCConfigurationList;
			buildConfigurations = (
				45353C9C2393E14100306D3F /* Debug */,
				45353C9D2393E14100306D3F /* Release */,
			);
			defaultConfigurationIsVisible = 0;
			defaultConfigurationName = Release;
		};
		45353C9E2393E14100306D3F /* Build configuration list for PBXNativeTarget "OTPVerify" */ = {
			isa = XCConfigurationList;
			buildConfigurations = (
				45353C9F2393E14100306D3F /* Debug */,
				45353CA02393E14100306D3F /* Release */,
			);
			defaultConfigurationIsVisible = 0;
			defaultConfigurationName = Release;
		};
/* End XCConfigurationList section */
	};
	rootObject = 45353C822393E14000306D3F /* Project object */;
}
